// !$*UTF8*$!
{
	archiveVersion = 1;
	classes = {
	};
	objectVersion = 55;
	objects = {

/* Begin PBXBuildFile section */
		D2F2118C28756A7E00EFAB7E /* NewsWidgetApp.swift in Sources */ = {isa = PBXBuildFile; fileRef = D2F2118B28756A7E00EFAB7E /* NewsWidgetApp.swift */; };
		D2F2118E28756A7E00EFAB7E /* ContentView.swift in Sources */ = {isa = PBXBuildFile; fileRef = D2F2118D28756A7E00EFAB7E /* ContentView.swift */; };
		D2F2119028756A7F00EFAB7E /* Assets.xcassets in Resources */ = {isa = PBXBuildFile; fileRef = D2F2118F28756A7F00EFAB7E /* Assets.xcassets */; };
		D2F2119328756A7F00EFAB7E /* Preview Assets.xcassets in Resources */ = {isa = PBXBuildFile; fileRef = D2F2119228756A7F00EFAB7E /* Preview Assets.xcassets */; };
		D2F211A028756B3B00EFAB7E /* WidgetKit.framework in Frameworks */ = {isa = PBXBuildFile; fileRef = D2F2119F28756B3B00EFAB7E /* WidgetKit.framework */; };
		D2F211A228756B3B00EFAB7E /* SwiftUI.framework in Frameworks */ = {isa = PBXBuildFile; fileRef = D2F211A128756B3B00EFAB7E /* SwiftUI.framework */; };
		D2F211A528756B3B00EFAB7E /* MainNewsWidget.swift in Sources */ = {isa = PBXBuildFile; fileRef = D2F211A428756B3B00EFAB7E /* MainNewsWidget.swift */; };
		D2F211A728756B3C00EFAB7E /* Assets.xcassets in Resources */ = {isa = PBXBuildFile; fileRef = D2F211A628756B3C00EFAB7E /* Assets.xcassets */; };
		D2F211AB28756B3C00EFAB7E /* MainNewsWidgetExtension.appex in Embed App Extensions */ = {isa = PBXBuildFile; fileRef = D2F2119D28756B3B00EFAB7E /* MainNewsWidgetExtension.appex */; settings = {ATTRIBUTES = (RemoveHeadersOnCopy, ); }; };
		D2F211B728756D0300EFAB7E /* NewsModel.swift in Sources */ = {isa = PBXBuildFile; fileRef = D2F211B628756D0300EFAB7E /* NewsModel.swift */; };
		D2F211B828756D0300EFAB7E /* NewsModel.swift in Sources */ = {isa = PBXBuildFile; fileRef = D2F211B628756D0300EFAB7E /* NewsModel.swift */; };
		D2F211BA28756E2000EFAB7E /* NewsViewModel.swift in Sources */ = {isa = PBXBuildFile; fileRef = D2F211B928756E2000EFAB7E /* NewsViewModel.swift */; };
		D2F211BB28756E2000EFAB7E /* NewsViewModel.swift in Sources */ = {isa = PBXBuildFile; fileRef = D2F211B928756E2000EFAB7E /* NewsViewModel.swift */; };
/* End PBXBuildFile section */

/* Begin PBXContainerItemProxy section */
		D2F211A928756B3C00EFAB7E /* PBXContainerItemProxy */ = {
			isa = PBXContainerItemProxy;
			containerPortal = D2F2118028756A7E00EFAB7E /* Project object */;
			proxyType = 1;
			remoteGlobalIDString = D2F2119C28756B3B00EFAB7E;
			remoteInfo = MainNewsWidgetExtension;
		};
/* End PBXContainerItemProxy section */

/* Begin PBXCopyFilesBuildPhase section */
		D2F211AF28756B3C00EFAB7E /* Embed App Extensions */ = {
			isa = PBXCopyFilesBuildPhase;
			buildActionMask = 2147483647;
			dstPath = "";
			dstSubfolderSpec = 13;
			files = (
				D2F211AB28756B3C00EFAB7E /* MainNewsWidgetExtension.appex in Embed App Extensions */,
			);
			name = "Embed App Extensions";
			runOnlyForDeploymentPostprocessing = 0;
		};
/* End PBXCopyFilesBuildPhase section */

/* Begin PBXFileReference section */
		D2F2118828756A7E00EFAB7E /* NewsWidget.app */ = {isa = PBXFileReference; explicitFileType = wrapper.application; includeInIndex = 0; path = NewsWidget.app; sourceTree = BUILT_PRODUCTS_DIR; };
		D2F2118B28756A7E00EFAB7E /* NewsWidgetApp.swift */ = {isa = PBXFileReference; lastKnownFileType = sourcecode.swift; path = NewsWidgetApp.swift; sourceTree = "<group>"; };
		D2F2118D28756A7E00EFAB7E /* ContentView.swift */ = {isa = PBXFileReference; lastKnownFileType = sourcecode.swift; path = ContentView.swift; sourceTree = "<group>"; };
		D2F2118F28756A7F00EFAB7E /* Assets.xcassets */ = {isa = PBXFileReference; lastKnownFileType = folder.assetcatalog; path = Assets.xcassets; sourceTree = "<group>"; };
		D2F2119228756A7F00EFAB7E /* Preview Assets.xcassets */ = {isa = PBXFileReference; lastKnownFileType = folder.assetcatalog; path = "Preview Assets.xcassets"; sourceTree = "<group>"; };
		D2F2119D28756B3B00EFAB7E /* MainNewsWidgetExtension.appex */ = {isa = PBXFileReference; explicitFileType = "wrapper.app-extension"; includeInIndex = 0; path = MainNewsWidgetExtension.appex; sourceTree = BUILT_PRODUCTS_DIR; };
		D2F2119F28756B3B00EFAB7E /* WidgetKit.framework */ = {isa = PBXFileReference; lastKnownFileType = wrapper.framework; name = WidgetKit.framework; path = System/Library/Frameworks/WidgetKit.framework; sourceTree = SDKROOT; };
		D2F211A128756B3B00EFAB7E /* SwiftUI.framework */ = {isa = PBXFileReference; lastKnownFileType = wrapper.framework; name = SwiftUI.framework; path = System/Library/Frameworks/SwiftUI.framework; sourceTree = SDKROOT; };
		D2F211A428756B3B00EFAB7E /* MainNewsWidget.swift */ = {isa = PBXFileReference; lastKnownFileType = sourcecode.swift; path = MainNewsWidget.swift; sourceTree = "<group>"; };
		D2F211A628756B3C00EFAB7E /* Assets.xcassets */ = {isa = PBXFileReference; lastKnownFileType = folder.assetcatalog; path = Assets.xcassets; sourceTree = "<group>"; };
		D2F211A828756B3C00EFAB7E /* Info.plist */ = {isa = PBXFileReference; lastKnownFileType = text.plist.xml; path = Info.plist; sourceTree = "<group>"; };
		D2F211B628756D0300EFAB7E /* NewsModel.swift */ = {isa = PBXFileReference; lastKnownFileType = sourcecode.swift; path = NewsModel.swift; sourceTree = "<group>"; };
		D2F211B928756E2000EFAB7E /* NewsViewModel.swift */ = {isa = PBXFileReference; lastKnownFileType = sourcecode.swift; path = NewsViewModel.swift; sourceTree = "<group>"; };
/* End PBXFileReference section */

/* Begin PBXFrameworksBuildPhase section */
		D2F2118528756A7E00EFAB7E /* Frameworks */ = {
			isa = PBXFrameworksBuildPhase;
			buildActionMask = 2147483647;
			files = (
			);
			runOnlyForDeploymentPostprocessing = 0;
		};
		D2F2119A28756B3B00EFAB7E /* Frameworks */ = {
			isa = PBXFrameworksBuildPhase;
			buildActionMask = 2147483647;
			files = (
				D2F211A228756B3B00EFAB7E /* SwiftUI.framework in Frameworks */,
				D2F211A028756B3B00EFAB7E /* WidgetKit.framework in Frameworks */,
			);
			runOnlyForDeploymentPostprocessing = 0;
		};
/* End PBXFrameworksBuildPhase section */

/* Begin PBXGroup section */
		D2F2117F28756A7E00EFAB7E = {
			isa = PBXGroup;
			children = (
				D2F2118A28756A7E00EFAB7E /* NewsWidget */,
				D2F211A328756B3B00EFAB7E /* MainNewsWidget */,
				D2F2119E28756B3B00EFAB7E /* Frameworks */,
				D2F2118928756A7E00EFAB7E /* Products */,
			);
			sourceTree = "<group>";
		};
		D2F2118928756A7E00EFAB7E /* Products */ = {
			isa = PBXGroup;
			children = (
				D2F2118828756A7E00EFAB7E /* NewsWidget.app */,
				D2F2119D28756B3B00EFAB7E /* MainNewsWidgetExtension.appex */,
			);
			name = Products;
			sourceTree = "<group>";
		};
		D2F2118A28756A7E00EFAB7E /* NewsWidget */ = {
			isa = PBXGroup;
			children = (
				D2F2118D28756A7E00EFAB7E /* ContentView.swift */,
				D2F2118B28756A7E00EFAB7E /* NewsWidgetApp.swift */,
				D2F2118F28756A7F00EFAB7E /* Assets.xcassets */,
				D2F211B028756C7B00EFAB7E /* Model */,
				D2F2119128756A7F00EFAB7E /* Preview Content */,
				D2F211B228756CC200EFAB7E /* View */,
				D2F211B128756CB900EFAB7E /* ViewModel */,
			);
			path = NewsWidget;
			sourceTree = "<group>";
		};
		D2F2119128756A7F00EFAB7E /* Preview Content */ = {
			isa = PBXGroup;
			children = (
				D2F2119228756A7F00EFAB7E /* Preview Assets.xcassets */,
			);
			path = "Preview Content";
			sourceTree = "<group>";
		};
		D2F2119E28756B3B00EFAB7E /* Frameworks */ = {
			isa = PBXGroup;
			children = (
				D2F2119F28756B3B00EFAB7E /* WidgetKit.framework */,
				D2F211A128756B3B00EFAB7E /* SwiftUI.framework */,
			);
			name = Frameworks;
			sourceTree = "<group>";
		};
		D2F211A328756B3B00EFAB7E /* MainNewsWidget */ = {
			isa = PBXGroup;
			children = (
				D2F211A428756B3B00EFAB7E /* MainNewsWidget.swift */,
				D2F211A628756B3C00EFAB7E /* Assets.xcassets */,
				D2F211A828756B3C00EFAB7E /* Info.plist */,
			);
			path = MainNewsWidget;
			sourceTree = "<group>";
		};
		D2F211B028756C7B00EFAB7E /* Model */ = {
			isa = PBXGroup;
			children = (
				D2F211B628756D0300EFAB7E /* NewsModel.swift */,
			);
			path = Model;
			sourceTree = "<group>";
		};
		D2F211B128756CB900EFAB7E /* ViewModel */ = {
			isa = PBXGroup;
			children = (
				D2F211B928756E2000EFAB7E /* NewsViewModel.swift */,
			);
			path = ViewModel;
			sourceTree = "<group>";
		};
		D2F211B228756CC200EFAB7E /* View */ = {
			isa = PBXGroup;
			children = (
			);
			path = View;
			sourceTree = "<group>";
		};
/* End PBXGroup section */

/* Begin PBXNativeTarget section */
		D2F2118728756A7E00EFAB7E /* NewsWidget */ = {
			isa = PBXNativeTarget;
			buildConfigurationList = D2F2119628756A7F00EFAB7E /* Build configuration list for PBXNativeTarget "NewsWidget" */;
			buildPhases = (
				D2F2118428756A7E00EFAB7E /* Sources */,
				D2F2118528756A7E00EFAB7E /* Frameworks */,
				D2F2118628756A7E00EFAB7E /* Resources */,
				D2F211AF28756B3C00EFAB7E /* Embed App Extensions */,
			);
			buildRules = (
			);
			dependencies = (
				D2F211AA28756B3C00EFAB7E /* PBXTargetDependency */,
			);
			name = NewsWidget;
			productName = NewsWidget;
			productReference = D2F2118828756A7E00EFAB7E /* NewsWidget.app */;
			productType = "com.apple.product-type.application";
		};
		D2F2119C28756B3B00EFAB7E /* MainNewsWidgetExtension */ = {
			isa = PBXNativeTarget;
			buildConfigurationList = D2F211AC28756B3C00EFAB7E /* Build configuration list for PBXNativeTarget "MainNewsWidgetExtension" */;
			buildPhases = (
				D2F2119928756B3B00EFAB7E /* Sources */,
				D2F2119A28756B3B00EFAB7E /* Frameworks */,
				D2F2119B28756B3B00EFAB7E /* Resources */,
			);
			buildRules = (
			);
			dependencies = (
			);
			name = MainNewsWidgetExtension;
			productName = MainNewsWidgetExtension;
			productReference = D2F2119D28756B3B00EFAB7E /* MainNewsWidgetExtension.appex */;
			productType = "com.apple.product-type.app-extension";
		};
/* End PBXNativeTarget section */

/* Begin PBXProject section */
		D2F2118028756A7E00EFAB7E /* Project object */ = {
			isa = PBXProject;
			attributes = {
				BuildIndependentTargetsInParallel = 1;
				LastSwiftUpdateCheck = 1340;
				LastUpgradeCheck = 1340;
				TargetAttributes = {
					D2F2118728756A7E00EFAB7E = {
						CreatedOnToolsVersion = 13.4.1;
					};
					D2F2119C28756B3B00EFAB7E = {
						CreatedOnToolsVersion = 13.4.1;
					};
				};
			};
			buildConfigurationList = D2F2118328756A7E00EFAB7E /* Build configuration list for PBXProject "NewsWidget" */;
			compatibilityVersion = "Xcode 13.0";
			developmentRegion = en;
			hasScannedForEncodings = 0;
			knownRegions = (
				en,
				Base,
			);
			mainGroup = D2F2117F28756A7E00EFAB7E;
			productRefGroup = D2F2118928756A7E00EFAB7E /* Products */;
			projectDirPath = "";
			projectRoot = "";
			targets = (
				D2F2118728756A7E00EFAB7E /* NewsWidget */,
				D2F2119C28756B3B00EFAB7E /* MainNewsWidgetExtension */,
			);
		};
/* End PBXProject section */

/* Begin PBXResourcesBuildPhase section */
		D2F2118628756A7E00EFAB7E /* Resources */ = {
			isa = PBXResourcesBuildPhase;
			buildActionMask = 2147483647;
			files = (
				D2F2119328756A7F00EFAB7E /* Preview Assets.xcassets in Resources */,
				D2F2119028756A7F00EFAB7E /* Assets.xcassets in Resources */,
			);
			runOnlyForDeploymentPostprocessing = 0;
		};
		D2F2119B28756B3B00EFAB7E /* Resources */ = {
			isa = PBXResourcesBuildPhase;
			buildActionMask = 2147483647;
			files = (
				D2F211A728756B3C00EFAB7E /* Assets.xcassets in Resources */,
			);
			runOnlyForDeploymentPostprocessing = 0;
		};
/* End PBXResourcesBuildPhase section */

/* Begin PBXSourcesBuildPhase section */
		D2F2118428756A7E00EFAB7E /* Sources */ = {
			isa = PBXSourcesBuildPhase;
			buildActionMask = 2147483647;
			files = (
				D2F211B728756D0300EFAB7E /* NewsModel.swift in Sources */,
				D2F2118E28756A7E00EFAB7E /* ContentView.swift in Sources */,
				D2F2118C28756A7E00EFAB7E /* NewsWidgetApp.swift in Sources */,
				D2F211BA28756E2000EFAB7E /* NewsViewModel.swift in Sources */,
			);
			runOnlyForDeploymentPostprocessing = 0;
		};
		D2F2119928756B3B00EFAB7E /* Sources */ = {
			isa = PBXSourcesBuildPhase;
			buildActionMask = 2147483647;
			files = (
				D2F211B828756D0300EFAB7E /* NewsModel.swift in Sources */,
				D2F211BB28756E2000EFAB7E /* NewsViewModel.swift in Sources */,
				D2F211A528756B3B00EFAB7E /* MainNewsWidget.swift in Sources */,
			);
			runOnlyForDeploymentPostprocessing = 0;
		};
/* End PBXSourcesBuildPhase section */

/* Begin PBXTargetDependency section */
		D2F211AA28756B3C00EFAB7E /* PBXTargetDependency */ = {
			isa = PBXTargetDependency;
			target = D2F2119C28756B3B00EFAB7E /* MainNewsWidgetExtension */;
			targetProxy = D2F211A928756B3C00EFAB7E /* PBXContainerItemProxy */;
		};
/* End PBXTargetDependency section */

/* Begin XCBuildConfiguration section */
		D2F2119428756A7F00EFAB7E /* Debug */ = {
			isa = XCBuildConfiguration;
			buildSettings = {
				ALWAYS_SEARCH_USER_PATHS = NO;
				CLANG_ANALYZER_NONNULL = YES;
				CLANG_ANALYZER_NUMBER_OBJECT_CONVERSION = YES_AGGRESSIVE;
				CLANG_CXX_LANGUAGE_STANDARD = "gnu++17";
				CLANG_ENABLE_MODULES = YES;
				CLANG_ENABLE_OBJC_ARC = YES;
				CLANG_ENABLE_OBJC_WEAK = YES;
				CLANG_WARN_BLOCK_CAPTURE_AUTORELEASING = YES;
				CLANG_WARN_BOOL_CONVERSION = YES;
				CLANG_WARN_COMMA = YES;
				CLANG_WARN_CONSTANT_CONVERSION = YES;
				CLANG_WARN_DEPRECATED_OBJC_IMPLEMENTATIONS = YES;
				CLANG_WARN_DIRECT_OBJC_ISA_USAGE = YES_ERROR;
				CLANG_WARN_DOCUMENTATION_COMMENTS = YES;
				CLANG_WARN_EMPTY_BODY = YES;
				CLANG_WARN_ENUM_CONVERSION = YES;
				CLANG_WARN_INFINITE_RECURSION = YES;
				CLANG_WARN_INT_CONVERSION = YES;
				CLANG_WARN_NON_LITERAL_NULL_CONVERSION = YES;
				CLANG_WARN_OBJC_IMPLICIT_RETAIN_SELF = YES;
				CLANG_WARN_OBJC_LITERAL_CONVERSION = YES;
				CLANG_WARN_OBJC_ROOT_CLASS = YES_ERROR;
				CLANG_WARN_QUOTED_INCLUDE_IN_FRAMEWORK_HEADER = YES;
				CLANG_WARN_RANGE_LOOP_ANALYSIS = YES;
				CLANG_WARN_STRICT_PROTOTYPES = YES;
				CLANG_WARN_SUSPICIOUS_MOVE = YES;
				CLANG_WARN_UNGUARDED_AVAILABILITY = YES_AGGRESSIVE;
				CLANG_WARN_UNREACHABLE_CODE = YES;
				CLANG_WARN__DUPLICATE_METHOD_MATCH = YES;
				COPY_PHASE_STRIP = NO;
				DEBUG_INFORMATION_FORMAT = dwarf;
				ENABLE_STRICT_OBJC_MSGSEND = YES;
				ENABLE_TESTABILITY = YES;
				GCC_C_LANGUAGE_STANDARD = gnu11;
				GCC_DYNAMIC_NO_PIC = NO;
				GCC_NO_COMMON_BLOCKS = YES;
				GCC_OPTIMIZATION_LEVEL = 0;
				GCC_PREPROCESSOR_DEFINITIONS = (
					"DEBUG=1",
					"$(inherited)",
				);
				GCC_WARN_64_TO_32_BIT_CONVERSION = YES;
				GCC_WARN_ABOUT_RETURN_TYPE = YES_ERROR;
				GCC_WARN_UNDECLARED_SELECTOR = YES;
				GCC_WARN_UNINITIALIZED_AUTOS = YES_AGGRESSIVE;
				GCC_WARN_UNUSED_FUNCTION = YES;
				GCC_WARN_UNUSED_VARIABLE = YES;
				IPHONEOS_DEPLOYMENT_TARGET = 15.5;
				MTL_ENABLE_DEBUG_INFO = INCLUDE_SOURCE;
				MTL_FAST_MATH = YES;
				ONLY_ACTIVE_ARCH = YES;
				SDKROOT = iphoneos;
				SWIFT_ACTIVE_COMPILATION_CONDITIONS = DEBUG;
				SWIFT_OPTIMIZATION_LEVEL = "-Onone";
			};
			name = Debug;
		};
		D2F2119528756A7F00EFAB7E /* Release */ = {
			isa = XCBuildConfiguration;
			buildSettings = {
				ALWAYS_SEARCH_USER_PATHS = NO;
				CLANG_ANALYZER_NONNULL = YES;
				CLANG_ANALYZER_NUMBER_OBJECT_CONVERSION = YES_AGGRESSIVE;
				CLANG_CXX_LANGUAGE_STANDARD = "gnu++17";
				CLANG_ENABLE_MODULES = YES;
				CLANG_ENABLE_OBJC_ARC = YES;
				CLANG_ENABLE_OBJC_WEAK = YES;
				CLANG_WARN_BLOCK_CAPTURE_AUTORELEASING = YES;
				CLANG_WARN_BOOL_CONVERSION = YES;
				CLANG_WARN_COMMA = YES;
				CLANG_WARN_CONSTANT_CONVERSION = YES;
				CLANG_WARN_DEPRECATED_OBJC_IMPLEMENTATIONS = YES;
				CLANG_WARN_DIRECT_OBJC_ISA_USAGE = YES_ERROR;
				CLANG_WARN_DOCUMENTATION_COMMENTS = YES;
				CLANG_WARN_EMPTY_BODY = YES;
				CLANG_WARN_ENUM_CONVERSION = YES;
				CLANG_WARN_INFINITE_RECURSION = YES;
				CLANG_WARN_INT_CONVERSION = YES;
				CLANG_WARN_NON_LITERAL_NULL_CONVERSION = YES;
				CLANG_WARN_OBJC_IMPLICIT_RETAIN_SELF = YES;
				CLANG_WARN_OBJC_LITERAL_CONVERSION = YES;
				CLANG_WARN_OBJC_ROOT_CLASS = YES_ERROR;
				CLANG_WARN_QUOTED_INCLUDE_IN_FRAMEWORK_HEADER = YES;
				CLANG_WARN_RANGE_LOOP_ANALYSIS = YES;
				CLANG_WARN_STRICT_PROTOTYPES = YES;
				CLANG_WARN_SUSPICIOUS_MOVE = YES;
				CLANG_WARN_UNGUARDED_AVAILABILITY = YES_AGGRESSIVE;
				CLANG_WARN_UNREACHABLE_CODE = YES;
				CLANG_WARN__DUPLICATE_METHOD_MATCH = YES;
				COPY_PHASE_STRIP = NO;
				DEBUG_INFORMATION_FORMAT = "dwarf-with-dsym";
				ENABLE_NS_ASSERTIONS = NO;
				ENABLE_STRICT_OBJC_MSGSEND = YES;
				GCC_C_LANGUAGE_STANDARD = gnu11;
				GCC_NO_COMMON_BLOCKS = YES;
				GCC_WARN_64_TO_32_BIT_CONVERSION = YES;
				GCC_WARN_ABOUT_RETURN_TYPE = YES_ERROR;
				GCC_WARN_UNDECLARED_SELECTOR = YES;
				GCC_WARN_UNINITIALIZED_AUTOS = YES_AGGRESSIVE;
				GCC_WARN_UNUSED_FUNCTION = YES;
				GCC_WARN_UNUSED_VARIABLE = YES;
				IPHONEOS_DEPLOYMENT_TARGET = 15.5;
				MTL_ENABLE_DEBUG_INFO = NO;
				MTL_FAST_MATH = YES;
				SDKROOT = iphoneos;
				SWIFT_COMPILATION_MODE = wholemodule;
				SWIFT_OPTIMIZATION_LEVEL = "-O";
				VALIDATE_PRODUCT = YES;
			};
			name = Release;
		};
		D2F2119728756A7F00EFAB7E /* Debug */ = {
			isa = XCBuildConfiguration;
			buildSettings = {
				ALWAYS_EMBED_SWIFT_STANDARD_LIBRARIES = YES;
				ASSETCATALOG_COMPILER_APPICON_NAME = AppIcon;
				ASSETCATALOG_COMPILER_GLOBAL_ACCENT_COLOR_NAME = AccentColor;
				CODE_SIGN_STYLE = Automatic;
				CURRENT_PROJECT_VERSION = 1;
				DEVELOPMENT_ASSET_PATHS = "\"NewsWidget/Preview Content\"";
				DEVELOPMENT_TEAM = 4SCMU57SX9;
				ENABLE_PREVIEWS = YES;
				GENERATE_INFOPLIST_FILE = YES;
				INFOPLIST_KEY_UIApplicationSceneManifest_Generation = YES;
				INFOPLIST_KEY_UIApplicationSupportsIndirectInputEvents = YES;
				INFOPLIST_KEY_UILaunchScreen_Generation = YES;
				INFOPLIST_KEY_UISupportedInterfaceOrientations_iPad = "UIInterfaceOrientationPortrait UIInterfaceOrientationPortraitUpsideDown UIInterfaceOrientationLandscapeLeft UIInterfaceOrientationLandscapeRight";
				INFOPLIST_KEY_UISupportedInterfaceOrientations_iPhone = "UIInterfaceOrientationPortrait UIInterfaceOrientationLandscapeLeft UIInterfaceOrientationLandscapeRight";
				LD_RUNPATH_SEARCH_PATHS = (
					"$(inherited)",
					"@executable_path/Frameworks",
				);
				MARKETING_VERSION = 1.0;
				PRODUCT_BUNDLE_IDENTIFIER = com.infinty.NewsWidget;
				PRODUCT_NAME = "$(TARGET_NAME)";
				SWIFT_EMIT_LOC_STRINGS = YES;
				SWIFT_VERSION = 5.0;
				TARGETED_DEVICE_FAMILY = "1,2";
			};
			name = Debug;
		};
		D2F2119828756A7F00EFAB7E /* Release */ = {
			isa = XCBuildConfiguration;
			buildSettings = {
				ALWAYS_EMBED_SWIFT_STANDARD_LIBRARIES = YES;
				ASSETCATALOG_COMPILER_APPICON_NAME = AppIcon;
				ASSETCATALOG_COMPILER_GLOBAL_ACCENT_COLOR_NAME = AccentColor;
				CODE_SIGN_STYLE = Automatic;
				CURRENT_PROJECT_VERSION = 1;
				DEVELOPMENT_ASSET_PATHS = "\"NewsWidget/Preview Content\"";
				DEVELOPMENT_TEAM = 4SCMU57SX9;
				ENABLE_PREVIEWS = YES;
				GENERATE_INFOPLIST_FILE = YES;
				INFOPLIST_KEY_UIApplicationSceneManifest_Generation = YES;
				INFOPLIST_KEY_UIApplicationSupportsIndirectInputEvents = YES;
				INFOPLIST_KEY_UILaunchScreen_Generation = YES;
				INFOPLIST_KEY_UISupportedInterfaceOrientations_iPad = "UIInterfaceOrientationPortrait UIInterfaceOrientationPortraitUpsideDown UIInterfaceOrientationLandscapeLeft UIInterfaceOrientationLandscapeRight";
				INFOPLIST_KEY_UISupportedInterfaceOrientations_iPhone = "UIInterfaceOrientationPortrait UIInterfaceOrientationLandscapeLeft UIInterfaceOrientationLandscapeRight";
				LD_RUNPATH_SEARCH_PATHS = (
					"$(inherited)",
					"@executable_path/Frameworks",
				);
				MARKETING_VERSION = 1.0;
				PRODUCT_BUNDLE_IDENTIFIER = com.infinty.NewsWidget;
				PRODUCT_NAME = "$(TARGET_NAME)";
				SWIFT_EMIT_LOC_STRINGS = YES;
				SWIFT_VERSION = 5.0;
				TARGETED_DEVICE_FAMILY = "1,2";
			};
			name = Release;
		};
		D2F211AD28756B3C00EFAB7E /* Debug */ = {
			isa = XCBuildConfiguration;
			buildSettings = {
				ASSETCATALOG_COMPILER_GLOBAL_ACCENT_COLOR_NAME = AccentColor;
				ASSETCATALOG_COMPILER_WIDGET_BACKGROUND_COLOR_NAME = WidgetBackground;
				CODE_SIGN_STYLE = Automatic;
				CURRENT_PROJECT_VERSION = 1;
				DEVELOPMENT_TEAM = 4SCMU57SX9;
				GENERATE_INFOPLIST_FILE = YES;
				INFOPLIST_FILE = MainNewsWidget/Info.plist;
				INFOPLIST_KEY_CFBundleDisplayName = MainNewsWidget;
				INFOPLIST_KEY_NSHumanReadableCopyright = "";
				LD_RUNPATH_SEARCH_PATHS = (
					"$(inherited)",
					"@executable_path/Frameworks",
					"@executable_path/../../Frameworks",
				);
				MARKETING_VERSION = 1.0;
				PRODUCT_BUNDLE_IDENTIFIER = com.infinty.NewsWidget.MainNewsWidget;
				PRODUCT_NAME = "$(TARGET_NAME)";
				SKIP_INSTALL = YES;
				SWIFT_EMIT_LOC_STRINGS = YES;
				SWIFT_VERSION = 5.0;
				TARGETED_DEVICE_FAMILY = "1,2";
			};
			name = Debug;
		};
		D2F211AE28756B3C00EFAB7E /* Release */ = {
			isa = XCBuildConfiguration;
			buildSettings = {
				ASSETCATALOG_COMPILER_GLOBAL_ACCENT_COLOR_NAME = AccentColor;
				ASSETCATALOG_COMPILER_WIDGET_BACKGROUND_COLOR_NAME = WidgetBackground;
				CODE_SIGN_STYLE = Automatic;
				CURRENT_PROJECT_VERSION = 1;
				DEVELOPMENT_TEAM = 4SCMU57SX9;
				GENERATE_INFOPLIST_FILE = YES;
				INFOPLIST_FILE = MainNewsWidget/Info.plist;
				INFOPLIST_KEY_CFBundleDisplayName = MainNewsWidget;
				INFOPLIST_KEY_NSHumanReadableCopyright = "";
				LD_RUNPATH_SEARCH_PATHS = (
					"$(inherited)",
					"@executable_path/Frameworks",
					"@executable_path/../../Frameworks",
				);
				MARKETING_VERSION = 1.0;
				PRODUCT_BUNDLE_IDENTIFIER = com.infinty.NewsWidget.MainNewsWidget;
				PRODUCT_NAME = "$(TARGET_NAME)";
				SKIP_INSTALL = YES;
				SWIFT_EMIT_LOC_STRINGS = YES;
				SWIFT_VERSION = 5.0;
				TARGETED_DEVICE_FAMILY = "1,2";
			};
			name = Release;
		};
/* End XCBuildConfiguration section */

/* Begin XCConfigurationList section */
		D2F2118328756A7E00EFAB7E /* Build configuration list for PBXProject "NewsWidget" */ = {
			isa = XCConfigurationList;
			buildConfigurations = (
				D2F2119428756A7F00EFAB7E /* Debug */,
				D2F2119528756A7F00EFAB7E /* Release */,
			);
			defaultConfigurationIsVisible = 0;
			defaultConfigurationName = Release;
		};
		D2F2119628756A7F00EFAB7E /* Build configuration list for PBXNativeTarget "NewsWidget" */ = {
			isa = XCConfigurationList;
			buildConfigurations = (
				D2F2119728756A7F00EFAB7E /* Debug */,
				D2F2119828756A7F00EFAB7E /* Release */,
			);
			defaultConfigurationIsVisible = 0;
			defaultConfigurationName = Release;
		};
		D2F211AC28756B3C00EFAB7E /* Build configuration list for PBXNativeTarget "MainNewsWidgetExtension" */ = {
			isa = XCConfigurationList;
			buildConfigurations = (
				D2F211AD28756B3C00EFAB7E /* Debug */,
				D2F211AE28756B3C00EFAB7E /* Release */,
			);
			defaultConfigurationIsVisible = 0;
			defaultConfigurationName = Release;
		};
/* End XCConfigurationList section */
	};
	rootObject = D2F2118028756A7E00EFAB7E /* Project object */;
}
